
Microsoft Visual Studio Solution File, Format Version 12.00
# Visual Studio 15
VisualStudioVersion = 15.0.28307.421
MinimumVisualStudioVersion = 10.0.40219.1
Project("{FAE04EC0-301F-11D3-BF4B-00C04F79EFBC}") = "CardioAnalisiLibrary", "CardioAnalisiLibrary\CardioAnalisiLibrary.csproj", "{ADCE69A5-37E9-411D-8465-ADC655ADC2B3}"
EndProject
Project("{FAE04EC0-301F-11D3-BF4B-00C04F79EFBC}") = "DataCardio.Test", "DataCardio.Test\DataCardio.Test.csproj", "{56369A50-0CA7-4129-A4DF-CAC25243FBBD}"
EndProject
Global
	GlobalSection(SolutionConfigurationPlatforms) = preSolution
		Debug|Any CPU = Debug|Any CPU
		Release|Any CPU = Release|Any CPU
	EndGlobalSection
	GlobalSection(ProjectConfigurationPlatforms) = postSolution
		{ADCE69A5-37E9-411D-8465-ADC655ADC2B3}.Debug|Any CPU.ActiveCfg = Debug|Any CPU
		{ADCE69A5-37E9-411D-8465-ADC655ADC2B3}.Debug|Any CPU.Build.0 = Debug|Any CPU
		{ADCE69A5-37E9-411D-8465-ADC655ADC2B3}.Release|Any CPU.ActiveCfg = Release|Any CPU
		{ADCE69A5-37E9-411D-8465-ADC655ADC2B3}.Release|Any CPU.Build.0 = Release|Any CPU
		{56369A50-0CA7-4129-A4DF-CAC25243FBBD}.Debug|Any CPU.ActiveCfg = Debug|Any CPU
		{56369A50-0CA7-4129-A4DF-CAC25243FBBD}.Debug|Any CPU.Build.0 = Debug|Any CPU
		{56369A50-0CA7-4129-A4DF-CAC25243FBBD}.Release|Any CPU.ActiveCfg = Release|Any CPU
		{56369A50-0CA7-4129-A4DF-CAC25243FBBD}.Release|Any CPU.Build.0 = Release|Any CPU
	EndGlobalSection
	GlobalSection(SolutionProperties) = preSolution
		HideSolutionNode = FALSE
	EndGlobalSection
	GlobalSection(ExtensibilityGlobals) = postSolution
		SolutionGuid = {20B01F9D-3B9C-450E-87C0-72C5AB094015}
	EndGlobalSection
EndGlobal
